version: 1
last_run: '1778900500'
skills: {}
assets: {}
latest_report: '{"run_id":"1778900500","config":"/Users/aaronflorey/Code/agent-skills/kasetto.yaml","destination":"/Users/aaronflorey/Code/agent-skills/.agents/skills","dry_run":false,"summary":{"installed":0,"updated":0,"removed":0,"unchanged":0,"broken":0,"failed":0},"actions":[]}'
